
Microsoft Visual Studio Solution File, Format Version 12.00
# Visual Studio Version 16
VisualStudioVersion = 16.0.33130.400
MinimumVisualStudioVersion = 10.0.40219.1
Project("{2150E333-8FDC-42A3-9474-1A3956D46DE8}") = "Docs", "Docs", "{75DCE8DA-3CE1-48FC-812F-EB0C79002386}"
EndProject
Project("{2150E333-8FDC-42A3-9474-1A3956D46DE8}") = "Source", "Source", "{130DDBDC-0F06-444C-A90E-DEFC96A06CB3}"
EndProject
Project("{2150E333-8FDC-42A3-9474-1A3956D46DE8}") = "Tests", "Tests", "{9EF9B434-E55D-4061-BD34-DEA155263C08}"
EndProject
Project("{2150E333-8FDC-42A3-9474-1A3956D46DE8}") = "Core", "Core", "{9D8EAC4A-F7AB-490F-A147-00C232633E58}"
EndProject
Project("{2150E333-8FDC-42A3-9474-1A3956D46DE8}") = "Infrastructure", "Infrastructure", "{ED7AB605-A44E-4497-A7BA-60C86F71FA0B}"
EndProject
Project("{2150E333-8FDC-42A3-9474-1A3956D46DE8}") = "Apis", "Apis", "{09EEDB7C-3833-4848-BD1C-E21108B48EB6}"
EndProject
Project("{2150E333-8FDC-42A3-9474-1A3956D46DE8}") = "UserInterface", "UserInterface", "{F461707C-B906-430D-8294-5FC757CDEFA7}"
EndProject
Project("{9A19103F-16F7-4668-BE54-9A1E7A4F7556}") = "MP.Api.CreditCardApi", "Source\Apis\MP.Api.CreditCardApi\MP.Api.CreditCardApi.csproj", "{EF718885-24B5-4D71-96D9-CE5F1AFE3FD7}"
EndProject
Project("{9A19103F-16F7-4668-BE54-9A1E7A4F7556}") = "MP.Api.CustomerApi", "Source\Apis\MP.Api.CustomerApi\MP.Api.CustomerApi.csproj", "{01673B17-2128-4899-85CA-6B96235302B5}"
EndProject
Project("{9A19103F-16F7-4668-BE54-9A1E7A4F7556}") = "MP.Api.FinancialRatingApi", "Source\Apis\MP.Api.FinancialRatingApi\MP.Api.FinancialRatingApi.csproj", "{B1E0E1D7-B3F5-4569-9FAA-FACC1F6CA210}"
EndProject
Project("{9A19103F-16F7-4668-BE54-9A1E7A4F7556}") = "MP.Api.OcelotApi", "Source\Apis\MP.Api.OcelotApi\MP.Api.OcelotApi.csproj", "{76395CC9-07C8-4278-80CA-1D2A451B0A06}"
EndProject
Project("{9A19103F-16F7-4668-BE54-9A1E7A4F7556}") = "MP.Core.Domain", "Source\Core\MP.Core.Domain\MP.Core.Domain.csproj", "{84808A73-72AC-429F-9227-C71C13877A46}"
EndProject
Project("{9A19103F-16F7-4668-BE54-9A1E7A4F7556}") = "MP.Core.Application", "Source\Core\MP.Core.Application\MP.Core.Application.csproj", "{827765E6-A655-4FB7-98CB-C5F684B2272A}"
EndProject
Project("{9A19103F-16F7-4668-BE54-9A1E7A4F7556}") = "MP.Infrastructure.Logger", "Source\Infrastructure\MP.Infrastructure.Logger\MP.Infrastructure.Logger.csproj", "{98D80FA8-0459-4A80-9344-05662687A5AA}"
EndProject
Project("{9A19103F-16F7-4668-BE54-9A1E7A4F7556}") = "MP.Infrastructure.Helper", "Source\Infrastructure\MP.Infrastructure.Helper\MP.Infrastructure.Helper.csproj", "{FE8D0CB8-CF8A-45A7-9B7D-1840171ABC85}"
EndProject
Project("{9A19103F-16F7-4668-BE54-9A1E7A4F7556}") = "MP.Infrastructure.Mailer", "Source\Infrastructure\MP.Infrastructure.Mailer\MP.Infrastructure.Mailer.csproj", "{AC820D78-68E8-4438-8493-379BD2B3410B}"
EndProject
Project("{9A19103F-16F7-4668-BE54-9A1E7A4F7556}") = "MP.Infrastructure.Persistance.Mssql", "Source\Infrastructure\MP.Infrastructure.Persistance.Mssql\MP.Infrastructure.Persistance.Mssql.csproj", "{3DAC85E7-0F86-4D51-A65D-E321ED417E20}"
EndProject
Project("{9A19103F-16F7-4668-BE54-9A1E7A4F7556}") = "MP.Infrastructure.Persistance.Redis", "Source\Infrastructure\MP.Infrastructure.Persistance.Redis\MP.Infrastructure.Persistance.Redis.csproj", "{38C29CEF-5D16-4454-B4B4-4E9CB81B3772}"
EndProject
Project("{9A19103F-16F7-4668-BE54-9A1E7A4F7556}") = "MP.UserInterface.CoreUI", "Source\UserInterface\MP.UserInterface.CoreUI\MP.UserInterface.CoreUI.csproj", "{5754B2E3-47C0-4A71-A4FB-B9BD5E93FE6C}"
EndProject
Project("{2150E333-8FDC-42A3-9474-1A3956D46DE8}") = "CreditCardTests", "CreditCardTests", "{8A7C5ADD-7997-4825-AECA-CEBD7E8D905A}"
EndProject
Project("{2150E333-8FDC-42A3-9474-1A3956D46DE8}") = "CustomerTests", "CustomerTests", "{4C8BEF62-902F-4168-B25C-B7F2BCE5849E}"
EndProject
Project("{2150E333-8FDC-42A3-9474-1A3956D46DE8}") = "FinancialRatingTests", "FinancialRatingTests", "{49C5ACFC-B54F-4032-9814-A31774D8A2C4}"
EndProject
Project("{2150E333-8FDC-42A3-9474-1A3956D46DE8}") = "MP.UserInterface.VueUI", "MP.UserInterface.VueUI", "{1AABE612-7021-4FC4-A13D-3154BA98F042}"
EndProject
Project("{9A19103F-16F7-4668-BE54-9A1E7A4F7556}") = "CreditCardNUnitTest", "Tests\CreditCardTests\CreditCardNUnitTest\CreditCardNUnitTest.csproj", "{43DB448C-F80E-4632-827F-5FB45873DA33}"
EndProject
Project("{FAE04EC0-301F-11D3-BF4B-00C04F79EFBC}") = "MP.Api.IdentityApi", "Source\Apis\MP.Api.IdentityApi\MP.Api.IdentityApi.csproj", "{76BF9A92-9C0E-46BA-B822-E7971C6217F2}"
EndProject
Global
	GlobalSection(SolutionConfigurationPlatforms) = preSolution
		Debug|Any CPU = Debug|Any CPU
		Release|Any CPU = Release|Any CPU
	EndGlobalSection
	GlobalSection(ProjectConfigurationPlatforms) = postSolution
		{EF718885-24B5-4D71-96D9-CE5F1AFE3FD7}.Debug|Any CPU.ActiveCfg = Debug|Any CPU
		{EF718885-24B5-4D71-96D9-CE5F1AFE3FD7}.Debug|Any CPU.Build.0 = Debug|Any CPU
		{EF718885-24B5-4D71-96D9-CE5F1AFE3FD7}.Release|Any CPU.ActiveCfg = Release|Any CPU
		{EF718885-24B5-4D71-96D9-CE5F1AFE3FD7}.Release|Any CPU.Build.0 = Release|Any CPU
		{01673B17-2128-4899-85CA-6B96235302B5}.Debug|Any CPU.ActiveCfg = Debug|Any CPU
		{01673B17-2128-4899-85CA-6B96235302B5}.Debug|Any CPU.Build.0 = Debug|Any CPU
		{01673B17-2128-4899-85CA-6B96235302B5}.Release|Any CPU.ActiveCfg = Release|Any CPU
		{01673B17-2128-4899-85CA-6B96235302B5}.Release|Any CPU.Build.0 = Release|Any CPU
		{B1E0E1D7-B3F5-4569-9FAA-FACC1F6CA210}.Debug|Any CPU.ActiveCfg = Debug|Any CPU
		{B1E0E1D7-B3F5-4569-9FAA-FACC1F6CA210}.Debug|Any CPU.Build.0 = Debug|Any CPU
		{B1E0E1D7-B3F5-4569-9FAA-FACC1F6CA210}.Release|Any CPU.ActiveCfg = Release|Any CPU
		{B1E0E1D7-B3F5-4569-9FAA-FACC1F6CA210}.Release|Any CPU.Build.0 = Release|Any CPU
		{76395CC9-07C8-4278-80CA-1D2A451B0A06}.Debug|Any CPU.ActiveCfg = Debug|Any CPU
		{76395CC9-07C8-4278-80CA-1D2A451B0A06}.Debug|Any CPU.Build.0 = Debug|Any CPU
		{76395CC9-07C8-4278-80CA-1D2A451B0A06}.Release|Any CPU.ActiveCfg = Release|Any CPU
		{76395CC9-07C8-4278-80CA-1D2A451B0A06}.Release|Any CPU.Build.0 = Release|Any CPU
		{84808A73-72AC-429F-9227-C71C13877A46}.Debug|Any CPU.ActiveCfg = Debug|Any CPU
		{84808A73-72AC-429F-9227-C71C13877A46}.Debug|Any CPU.Build.0 = Debug|Any CPU
		{84808A73-72AC-429F-9227-C71C13877A46}.Release|Any CPU.ActiveCfg = Release|Any CPU
		{84808A73-72AC-429F-9227-C71C13877A46}.Release|Any CPU.Build.0 = Release|Any CPU
		{827765E6-A655-4FB7-98CB-C5F684B2272A}.Debug|Any CPU.ActiveCfg = Debug|Any CPU
		{827765E6-A655-4FB7-98CB-C5F684B2272A}.Debug|Any CPU.Build.0 = Debug|Any CPU
		{827765E6-A655-4FB7-98CB-C5F684B2272A}.Release|Any CPU.ActiveCfg = Release|Any CPU
		{827765E6-A655-4FB7-98CB-C5F684B2272A}.Release|Any CPU.Build.0 = Release|Any CPU
		{98D80FA8-0459-4A80-9344-05662687A5AA}.Debug|Any CPU.ActiveCfg = Debug|Any CPU
		{98D80FA8-0459-4A80-9344-05662687A5AA}.Debug|Any CPU.Build.0 = Debug|Any CPU
		{98D80FA8-0459-4A80-9344-05662687A5AA}.Release|Any CPU.ActiveCfg = Release|Any CPU
		{98D80FA8-0459-4A80-9344-05662687A5AA}.Release|Any CPU.Build.0 = Release|Any CPU
		{FE8D0CB8-CF8A-45A7-9B7D-1840171ABC85}.Debug|Any CPU.ActiveCfg = Debug|Any CPU
		{FE8D0CB8-CF8A-45A7-9B7D-1840171ABC85}.Debug|Any CPU.Build.0 = Debug|Any CPU
		{FE8D0CB8-CF8A-45A7-9B7D-1840171ABC85}.Release|Any CPU.ActiveCfg = Release|Any CPU
		{FE8D0CB8-CF8A-45A7-9B7D-1840171ABC85}.Release|Any CPU.Build.0 = Release|Any CPU
		{AC820D78-68E8-4438-8493-379BD2B3410B}.Debug|Any CPU.ActiveCfg = Debug|Any CPU
		{AC820D78-68E8-4438-8493-379BD2B3410B}.Debug|Any CPU.Build.0 = Debug|Any CPU
		{AC820D78-68E8-4438-8493-379BD2B3410B}.Release|Any CPU.ActiveCfg = Release|Any CPU
		{AC820D78-68E8-4438-8493-379BD2B3410B}.Release|Any CPU.Build.0 = Release|Any CPU
		{3DAC85E7-0F86-4D51-A65D-E321ED417E20}.Debug|Any CPU.ActiveCfg = Debug|Any CPU
		{3DAC85E7-0F86-4D51-A65D-E321ED417E20}.Debug|Any CPU.Build.0 = Debug|Any CPU
		{3DAC85E7-0F86-4D51-A65D-E321ED417E20}.Release|Any CPU.ActiveCfg = Release|Any CPU
		{3DAC85E7-0F86-4D51-A65D-E321ED417E20}.Release|Any CPU.Build.0 = Release|Any CPU
		{38C29CEF-5D16-4454-B4B4-4E9CB81B3772}.Debug|Any CPU.ActiveCfg = Debug|Any CPU
		{38C29CEF-5D16-4454-B4B4-4E9CB81B3772}.Debug|Any CPU.Build.0 = Debug|Any CPU
		{38C29CEF-5D16-4454-B4B4-4E9CB81B3772}.Release|Any CPU.ActiveCfg = Release|Any CPU
		{38C29CEF-5D16-4454-B4B4-4E9CB81B3772}.Release|Any CPU.Build.0 = Release|Any CPU
		{5754B2E3-47C0-4A71-A4FB-B9BD5E93FE6C}.Debug|Any CPU.ActiveCfg = Debug|Any CPU
		{5754B2E3-47C0-4A71-A4FB-B9BD5E93FE6C}.Debug|Any CPU.Build.0 = Debug|Any CPU
		{5754B2E3-47C0-4A71-A4FB-B9BD5E93FE6C}.Release|Any CPU.ActiveCfg = Release|Any CPU
		{5754B2E3-47C0-4A71-A4FB-B9BD5E93FE6C}.Release|Any CPU.Build.0 = Release|Any CPU
		{43DB448C-F80E-4632-827F-5FB45873DA33}.Debug|Any CPU.ActiveCfg = Debug|Any CPU
		{43DB448C-F80E-4632-827F-5FB45873DA33}.Debug|Any CPU.Build.0 = Debug|Any CPU
		{43DB448C-F80E-4632-827F-5FB45873DA33}.Release|Any CPU.ActiveCfg = Release|Any CPU
		{43DB448C-F80E-4632-827F-5FB45873DA33}.Release|Any CPU.Build.0 = Release|Any CPU
		{76BF9A92-9C0E-46BA-B822-E7971C6217F2}.Debug|Any CPU.ActiveCfg = Debug|Any CPU
		{76BF9A92-9C0E-46BA-B822-E7971C6217F2}.Debug|Any CPU.Build.0 = Debug|Any CPU
		{76BF9A92-9C0E-46BA-B822-E7971C6217F2}.Release|Any CPU.ActiveCfg = Release|Any CPU
		{76BF9A92-9C0E-46BA-B822-E7971C6217F2}.Release|Any CPU.Build.0 = Release|Any CPU
	EndGlobalSection
	GlobalSection(SolutionProperties) = preSolution
		HideSolutionNode = FALSE
	EndGlobalSection
	GlobalSection(NestedProjects) = preSolution
		{9D8EAC4A-F7AB-490F-A147-00C232633E58} = {130DDBDC-0F06-444C-A90E-DEFC96A06CB3}
		{ED7AB605-A44E-4497-A7BA-60C86F71FA0B} = {130DDBDC-0F06-444C-A90E-DEFC96A06CB3}
		{09EEDB7C-3833-4848-BD1C-E21108B48EB6} = {130DDBDC-0F06-444C-A90E-DEFC96A06CB3}
		{F461707C-B906-430D-8294-5FC757CDEFA7} = {130DDBDC-0F06-444C-A90E-DEFC96A06CB3}
		{EF718885-24B5-4D71-96D9-CE5F1AFE3FD7} = {09EEDB7C-3833-4848-BD1C-E21108B48EB6}
		{01673B17-2128-4899-85CA-6B96235302B5} = {09EEDB7C-3833-4848-BD1C-E21108B48EB6}
		{B1E0E1D7-B3F5-4569-9FAA-FACC1F6CA210} = {09EEDB7C-3833-4848-BD1C-E21108B48EB6}
		{76395CC9-07C8-4278-80CA-1D2A451B0A06} = {09EEDB7C-3833-4848-BD1C-E21108B48EB6}
		{84808A73-72AC-429F-9227-C71C13877A46} = {9D8EAC4A-F7AB-490F-A147-00C232633E58}
		{827765E6-A655-4FB7-98CB-C5F684B2272A} = {9D8EAC4A-F7AB-490F-A147-00C232633E58}
		{98D80FA8-0459-4A80-9344-05662687A5AA} = {ED7AB605-A44E-4497-A7BA-60C86F71FA0B}
		{FE8D0CB8-CF8A-45A7-9B7D-1840171ABC85} = {ED7AB605-A44E-4497-A7BA-60C86F71FA0B}
		{AC820D78-68E8-4438-8493-379BD2B3410B} = {ED7AB605-A44E-4497-A7BA-60C86F71FA0B}
		{3DAC85E7-0F86-4D51-A65D-E321ED417E20} = {ED7AB605-A44E-4497-A7BA-60C86F71FA0B}
		{38C29CEF-5D16-4454-B4B4-4E9CB81B3772} = {ED7AB605-A44E-4497-A7BA-60C86F71FA0B}
		{5754B2E3-47C0-4A71-A4FB-B9BD5E93FE6C} = {F461707C-B906-430D-8294-5FC757CDEFA7}
		{8A7C5ADD-7997-4825-AECA-CEBD7E8D905A} = {9EF9B434-E55D-4061-BD34-DEA155263C08}
		{4C8BEF62-902F-4168-B25C-B7F2BCE5849E} = {9EF9B434-E55D-4061-BD34-DEA155263C08}
		{49C5ACFC-B54F-4032-9814-A31774D8A2C4} = {9EF9B434-E55D-4061-BD34-DEA155263C08}
		{1AABE612-7021-4FC4-A13D-3154BA98F042} = {F461707C-B906-430D-8294-5FC757CDEFA7}
		{43DB448C-F80E-4632-827F-5FB45873DA33} = {8A7C5ADD-7997-4825-AECA-CEBD7E8D905A}
		{76BF9A92-9C0E-46BA-B822-E7971C6217F2} = {09EEDB7C-3833-4848-BD1C-E21108B48EB6}
	EndGlobalSection
	GlobalSection(ExtensibilityGlobals) = postSolution
		SolutionGuid = {5E737A0F-F240-4289-B15C-ECEAE389CDE8}
	EndGlobalSection
EndGlobal
